// !$*UTF8*$!
{
	archiveVersion = 1;
	classes = {
	};
	objectVersion = 50;
	objects = {

/* Begin PBXBuildFile section */
		C14D6D602394324B00918CCC /* RandomUsersData.json in Resources */ = {isa = PBXBuildFile; fileRef = C14D6D5F2394324B00918CCC /* RandomUsersData.json */; };
		C14D6D6423946C3C00918CCC /* ColorsData.json in Resources */ = {isa = PBXBuildFile; fileRef = C14D6D6323946C3C00918CCC /* ColorsData.json */; };
		C14D6D6623946D0600918CCC /* ColorsData.swift in Sources */ = {isa = PBXBuildFile; fileRef = C14D6D6523946D0600918CCC /* ColorsData.swift */; };
		C15A8028238ED82400EFD0CD /* weatherAPI.json in Resources */ = {isa = PBXBuildFile; fileRef = C15A8027238ED82400EFD0CD /* weatherAPI.json */; };
		C15A802A238ED85E00EFD0CD /* WeatherDetailViewController.swift in Sources */ = {isa = PBXBuildFile; fileRef = C15A8029238ED85E00EFD0CD /* WeatherDetailViewController.swift */; };
		C15A802D238EDD6300EFD0CD /* WeatherData.swift in Sources */ = {isa = PBXBuildFile; fileRef = C15A802C238EDD6300EFD0CD /* WeatherData.swift */; };
		C19264D523989B2C00FADD55 /* RandomUserData.swift in Sources */ = {isa = PBXBuildFile; fileRef = C19264D423989B2C00FADD55 /* RandomUserData.swift */; };
		C1E4E5FF238DDFE200DAEB18 /* AppDelegate.swift in Sources */ = {isa = PBXBuildFile; fileRef = C1E4E5FE238DDFE200DAEB18 /* AppDelegate.swift */; };
		C1E4E601238DDFE200DAEB18 /* SceneDelegate.swift in Sources */ = {isa = PBXBuildFile; fileRef = C1E4E600238DDFE200DAEB18 /* SceneDelegate.swift */; };
		C1E4E603238DDFE200DAEB18 /* ViewController.swift in Sources */ = {isa = PBXBuildFile; fileRef = C1E4E602238DDFE200DAEB18 /* ViewController.swift */; };
		C1E4E606238DDFE200DAEB18 /* Main.storyboard in Resources */ = {isa = PBXBuildFile; fileRef = C1E4E604238DDFE200DAEB18 /* Main.storyboard */; };
		C1E4E608238DDFE500DAEB18 /* Assets.xcassets in Resources */ = {isa = PBXBuildFile; fileRef = C1E4E607238DDFE500DAEB18 /* Assets.xcassets */; };
		C1E4E60B238DDFE500DAEB18 /* LaunchScreen.storyboard in Resources */ = {isa = PBXBuildFile; fileRef = C1E4E609238DDFE500DAEB18 /* LaunchScreen.storyboard */; };
		C1E4E613238ECABC00DAEB18 /* WeatherViewController.swift in Sources */ = {isa = PBXBuildFile; fileRef = C1E4E612238ECABB00DAEB18 /* WeatherViewController.swift */; };
		C1E4E615238ECAD500DAEB18 /* ColorViewController.swift in Sources */ = {isa = PBXBuildFile; fileRef = C1E4E614238ECAD500DAEB18 /* ColorViewController.swift */; };
		C1E4E617238ECAFB00DAEB18 /* RandomUserViewController.swift in Sources */ = {isa = PBXBuildFile; fileRef = C1E4E616238ECAFB00DAEB18 /* RandomUserViewController.swift */; };
/* End PBXBuildFile section */

/* Begin PBXFileReference section */
		C14D6D5F2394324B00918CCC /* RandomUsersData.json */ = {isa = PBXFileReference; lastKnownFileType = text.json; path = RandomUsersData.json; sourceTree = "<group>"; };
		C14D6D6323946C3C00918CCC /* ColorsData.json */ = {isa = PBXFileReference; lastKnownFileType = text.json; path = ColorsData.json; sourceTree = "<group>"; };
		C14D6D6523946D0600918CCC /* ColorsData.swift */ = {isa = PBXFileReference; lastKnownFileType = sourcecode.swift; path = ColorsData.swift; sourceTree = "<group>"; };
		C15A8027238ED82400EFD0CD /* weatherAPI.json */ = {isa = PBXFileReference; lastKnownFileType = text.json; path = weatherAPI.json; sourceTree = "<group>"; };
		C15A8029238ED85E00EFD0CD /* WeatherDetailViewController.swift */ = {isa = PBXFileReference; lastKnownFileType = sourcecode.swift; path = WeatherDetailViewController.swift; sourceTree = "<group>"; };
		C15A802C238EDD6300EFD0CD /* WeatherData.swift */ = {isa = PBXFileReference; lastKnownFileType = sourcecode.swift; path = WeatherData.swift; sourceTree = "<group>"; };
		C19264D423989B2C00FADD55 /* RandomUserData.swift */ = {isa = PBXFileReference; lastKnownFileType = sourcecode.swift; path = RandomUserData.swift; sourceTree = "<group>"; };
		C1E4E5FB238DDFE200DAEB18 /* JSON_Parsing_Lab.app */ = {isa = PBXFileReference; explicitFileType = wrapper.application; includeInIndex = 0; path = JSON_Parsing_Lab.app; sourceTree = BUILT_PRODUCTS_DIR; };
		C1E4E5FE238DDFE200DAEB18 /* AppDelegate.swift */ = {isa = PBXFileReference; lastKnownFileType = sourcecode.swift; path = AppDelegate.swift; sourceTree = "<group>"; };
		C1E4E600238DDFE200DAEB18 /* SceneDelegate.swift */ = {isa = PBXFileReference; lastKnownFileType = sourcecode.swift; path = SceneDelegate.swift; sourceTree = "<group>"; };
		C1E4E602238DDFE200DAEB18 /* ViewController.swift */ = {isa = PBXFileReference; lastKnownFileType = sourcecode.swift; path = ViewController.swift; sourceTree = "<group>"; };
		C1E4E605238DDFE200DAEB18 /* Base */ = {isa = PBXFileReference; lastKnownFileType = file.storyboard; name = Base; path = Base.lproj/Main.storyboard; sourceTree = "<group>"; };
		C1E4E607238DDFE500DAEB18 /* Assets.xcassets */ = {isa = PBXFileReference; lastKnownFileType = folder.assetcatalog; path = Assets.xcassets; sourceTree = "<group>"; };
		C1E4E60A238DDFE500DAEB18 /* Base */ = {isa = PBXFileReference; lastKnownFileType = file.storyboard; name = Base; path = Base.lproj/LaunchScreen.storyboard; sourceTree = "<group>"; };
		C1E4E60C238DDFE500DAEB18 /* Info.plist */ = {isa = PBXFileReference; lastKnownFileType = text.plist.xml; path = Info.plist; sourceTree = "<group>"; };
		C1E4E612238ECABB00DAEB18 /* WeatherViewController.swift */ = {isa = PBXFileReference; lastKnownFileType = sourcecode.swift; path = WeatherViewController.swift; sourceTree = "<group>"; };
		C1E4E614238ECAD500DAEB18 /* ColorViewController.swift */ = {isa = PBXFileReference; lastKnownFileType = sourcecode.swift; path = ColorViewController.swift; sourceTree = "<group>"; };
		C1E4E616238ECAFB00DAEB18 /* RandomUserViewController.swift */ = {isa = PBXFileReference; lastKnownFileType = sourcecode.swift; path = RandomUserViewController.swift; sourceTree = "<group>"; };
/* End PBXFileReference section */

/* Begin PBXFrameworksBuildPhase section */
		C1E4E5F8238DDFE200DAEB18 /* Frameworks */ = {
			isa = PBXFrameworksBuildPhase;
			buildActionMask = 2147483647;
			files = (
			);
			runOnlyForDeploymentPostprocessing = 0;
		};
/* End PBXFrameworksBuildPhase section */

/* Begin PBXGroup section */
		C14D6D6123946B5C00918CCC /* RandomUsers */ = {
			isa = PBXGroup;
			children = (
				C1E4E616238ECAFB00DAEB18 /* RandomUserViewController.swift */,
				C19264D423989B2C00FADD55 /* RandomUserData.swift */,
				C14D6D5F2394324B00918CCC /* RandomUsersData.json */,
			);
			name = RandomUsers;
			sourceTree = "<group>";
		};
		C14D6D6223946B8800918CCC /* Colors */ = {
			isa = PBXGroup;
			children = (
				C14D6D6323946C3C00918CCC /* ColorsData.json */,
				C1E4E614238ECAD500DAEB18 /* ColorViewController.swift */,
				C14D6D6523946D0600918CCC /* ColorsData.swift */,
			);
			path = Colors;
			sourceTree = "<group>";
		};
		C15A802B238ED87600EFD0CD /* Weather */ = {
			isa = PBXGroup;
			children = (
				C1E4E612238ECABB00DAEB18 /* WeatherViewController.swift */,
				C15A8029238ED85E00EFD0CD /* WeatherDetailViewController.swift */,
				C15A802C238EDD6300EFD0CD /* WeatherData.swift */,
				C15A8027238ED82400EFD0CD /* weatherAPI.json */,
			);
			path = Weather;
			sourceTree = "<group>";
		};
		C1E4E5F2238DDFE200DAEB18 = {
			isa = PBXGroup;
			children = (
				C1E4E5FD238DDFE200DAEB18 /* JSON_Parsing_Lab */,
				C1E4E5FC238DDFE200DAEB18 /* Products */,
			);
			sourceTree = "<group>";
		};
		C1E4E5FC238DDFE200DAEB18 /* Products */ = {
			isa = PBXGroup;
			children = (
				C1E4E5FB238DDFE200DAEB18 /* JSON_Parsing_Lab.app */,
			);
			name = Products;
			sourceTree = "<group>";
		};
		C1E4E5FD238DDFE200DAEB18 /* JSON_Parsing_Lab */ = {
			isa = PBXGroup;
			children = (
				C1E4E5FE238DDFE200DAEB18 /* AppDelegate.swift */,
				C1E4E600238DDFE200DAEB18 /* SceneDelegate.swift */,
				C1E4E602238DDFE200DAEB18 /* ViewController.swift */,
				C1E4E604238DDFE200DAEB18 /* Main.storyboard */,
				C15A802B238ED87600EFD0CD /* Weather */,
				C14D6D6123946B5C00918CCC /* RandomUsers */,
				C14D6D6223946B8800918CCC /* Colors */,
				C1E4E607238DDFE500DAEB18 /* Assets.xcassets */,
				C1E4E609238DDFE500DAEB18 /* LaunchScreen.storyboard */,
				C1E4E60C238DDFE500DAEB18 /* Info.plist */,
			);
			path = JSON_Parsing_Lab;
			sourceTree = "<group>";
		};
/* End PBXGroup section */

/* Begin PBXNativeTarget section */
		C1E4E5FA238DDFE200DAEB18 /* JSON_Parsing_Lab */ = {
			isa = PBXNativeTarget;
			buildConfigurationList = C1E4E60F238DDFE500DAEB18 /* Build configuration list for PBXNativeTarget "JSON_Parsing_Lab" */;
			buildPhases = (
				C1E4E5F7238DDFE200DAEB18 /* Sources */,
				C1E4E5F8238DDFE200DAEB18 /* Frameworks */,
				C1E4E5F9238DDFE200DAEB18 /* Resources */,
			);
			buildRules = (
			);
			dependencies = (
			);
			name = JSON_Parsing_Lab;
			productName = JSON_Parsing_Lab;
			productReference = C1E4E5FB238DDFE200DAEB18 /* JSON_Parsing_Lab.app */;
			productType = "com.apple.product-type.application";
		};
/* End PBXNativeTarget section */

/* Begin PBXProject section */
		C1E4E5F3238DDFE200DAEB18 /* Project object */ = {
			isa = PBXProject;
			attributes = {
				LastSwiftUpdateCheck = 1120;
				LastUpgradeCheck = 1120;
				ORGANIZATIONNAME = "Gregory Keeley";
				TargetAttributes = {
					C1E4E5FA238DDFE200DAEB18 = {
						CreatedOnToolsVersion = 11.2.1;
					};
				};
			};
			buildConfigurationList = C1E4E5F6238DDFE200DAEB18 /* Build configuration list for PBXProject "JSON_Parsing_Lab" */;
			compatibilityVersion = "Xcode 9.3";
			developmentRegion = en;
			hasScannedForEncodings = 0;
			knownRegions = (
				en,
				Base,
			);
			mainGroup = C1E4E5F2238DDFE200DAEB18;
			productRefGroup = C1E4E5FC238DDFE200DAEB18 /* Products */;
			projectDirPath = "";
			projectRoot = "";
			targets = (
				C1E4E5FA238DDFE200DAEB18 /* JSON_Parsing_Lab */,
			);
		};
/* End PBXProject section */

/* Begin PBXResourcesBuildPhase section */
		C1E4E5F9238DDFE200DAEB18 /* Resources */ = {
			isa = PBXResourcesBuildPhase;
			buildActionMask = 2147483647;
			files = (
				C14D6D602394324B00918CCC /* RandomUsersData.json in Resources */,
				C14D6D6423946C3C00918CCC /* ColorsData.json in Resources */,
				C1E4E60B238DDFE500DAEB18 /* LaunchScreen.storyboard in Resources */,
				C15A8028238ED82400EFD0CD /* weatherAPI.json in Resources */,
				C1E4E608238DDFE500DAEB18 /* Assets.xcassets in Resources */,
				C1E4E606238DDFE200DAEB18 /* Main.storyboard in Resources */,
			);
			runOnlyForDeploymentPostprocessing = 0;
		};
/* End PBXResourcesBuildPhase section */

/* Begin PBXSourcesBuildPhase section */
		C1E4E5F7238DDFE200DAEB18 /* Sources */ = {
			isa = PBXSourcesBuildPhase;
			buildActionMask = 2147483647;
			files = (
				C1E4E617238ECAFB00DAEB18 /* RandomUserViewController.swift in Sources */,
				C1E4E603238DDFE200DAEB18 /* ViewController.swift in Sources */,
				C1E4E613238ECABC00DAEB18 /* WeatherViewController.swift in Sources */,
				C15A802A238ED85E00EFD0CD /* WeatherDetailViewController.swift in Sources */,
				C1E4E5FF238DDFE200DAEB18 /* AppDelegate.swift in Sources */,
				C19264D523989B2C00FADD55 /* RandomUserData.swift in Sources */,
				C1E4E615238ECAD500DAEB18 /* ColorViewController.swift in Sources */,
				C14D6D6623946D0600918CCC /* ColorsData.swift in Sources */,
				C15A802D238EDD6300EFD0CD /* WeatherData.swift in Sources */,
				C1E4E601238DDFE200DAEB18 /* SceneDelegate.swift in Sources */,
			);
			runOnlyForDeploymentPostprocessing = 0;
		};
/* End PBXSourcesBuildPhase section */

/* Begin PBXVariantGroup section */
		C1E4E604238DDFE200DAEB18 /* Main.storyboard */ = {
			isa = PBXVariantGroup;
			children = (
				C1E4E605238DDFE200DAEB18 /* Base */,
			);
			name = Main.storyboard;
			sourceTree = "<group>";
		};
		C1E4E609238DDFE500DAEB18 /* LaunchScreen.storyboard */ = {
			isa = PBXVariantGroup;
			children = (
				C1E4E60A238DDFE500DAEB18 /* Base */,
			);
			name = LaunchScreen.storyboard;
			sourceTree = "<group>";
		};
/* End PBXVariantGroup section */

/* Begin XCBuildConfiguration section */
		C1E4E60D238DDFE500DAEB18 /* Debug */ = {
			isa = XCBuildConfiguration;
			buildSettings = {
				ALWAYS_SEARCH_USER_PATHS = NO;
				CLANG_ANALYZER_NONNULL = YES;
				CLANG_ANALYZER_NUMBER_OBJECT_CONVERSION = YES_AGGRESSIVE;
				CLANG_CXX_LANGUAGE_STANDARD = "gnu++14";
				CLANG_CXX_LIBRARY = "libc++";
				CLANG_ENABLE_MODULES = YES;
				CLANG_ENABLE_OBJC_ARC = YES;
				CLANG_ENABLE_OBJC_WEAK = YES;
				CLANG_WARN_BLOCK_CAPTURE_AUTORELEASING = YES;
				CLANG_WARN_BOOL_CONVERSION = YES;
				CLANG_WARN_COMMA = YES;
				CLANG_WARN_CONSTANT_CONVERSION = YES;
				CLANG_WARN_DEPRECATED_OBJC_IMPLEMENTATIONS = YES;
				CLANG_WARN_DIRECT_OBJC_ISA_USAGE = YES_ERROR;
				CLANG_WARN_DOCUMENTATION_COMMENTS = YES;
				CLANG_WARN_EMPTY_BODY = YES;
				CLANG_WARN_ENUM_CONVERSION = YES;
				CLANG_WARN_INFINITE_RECURSION = YES;
				CLANG_WARN_INT_CONVERSION = YES;
				CLANG_WARN_NON_LITERAL_NULL_CONVERSION = YES;
				CLANG_WARN_OBJC_IMPLICIT_RETAIN_SELF = YES;
				CLANG_WARN_OBJC_LITERAL_CONVERSION = YES;
				CLANG_WARN_OBJC_ROOT_CLASS = YES_ERROR;
				CLANG_WARN_RANGE_LOOP_ANALYSIS = YES;
				CLANG_WARN_STRICT_PROTOTYPES = YES;
				CLANG_WARN_SUSPICIOUS_MOVE = YES;
				CLANG_WARN_UNGUARDED_AVAILABILITY = YES_AGGRESSIVE;
				CLANG_WARN_UNREACHABLE_CODE = YES;
				CLANG_WARN__DUPLICATE_METHOD_MATCH = YES;
				COPY_PHASE_STRIP = NO;
				DEBUG_INFORMATION_FORMAT = dwarf;
				ENABLE_STRICT_OBJC_MSGSEND = YES;
				ENABLE_TESTABILITY = YES;
				GCC_C_LANGUAGE_STANDARD = gnu11;
				GCC_DYNAMIC_NO_PIC = NO;
				GCC_NO_COMMON_BLOCKS = YES;
				GCC_OPTIMIZATION_LEVEL = 0;
				GCC_PREPROCESSOR_DEFINITIONS = (
					"DEBUG=1",
					"$(inherited)",
				);
				GCC_WARN_64_TO_32_BIT_CONVERSION = YES;
				GCC_WARN_ABOUT_RETURN_TYPE = YES_ERROR;
				GCC_WARN_UNDECLARED_SELECTOR = YES;
				GCC_WARN_UNINITIALIZED_AUTOS = YES_AGGRESSIVE;
				GCC_WARN_UNUSED_FUNCTION = YES;
				GCC_WARN_UNUSED_VARIABLE = YES;
				IPHONEOS_DEPLOYMENT_TARGET = 13.2;
				MTL_ENABLE_DEBUG_INFO = INCLUDE_SOURCE;
				MTL_FAST_MATH = YES;
				ONLY_ACTIVE_ARCH = YES;
				SDKROOT = iphoneos;
				SWIFT_ACTIVE_COMPILATION_CONDITIONS = DEBUG;
				SWIFT_OPTIMIZATION_LEVEL = "-Onone";
			};
			name = Debug;
		};
		C1E4E60E238DDFE500DAEB18 /* Release */ = {
			isa = XCBuildConfiguration;
			buildSettings = {
				ALWAYS_SEARCH_USER_PATHS = NO;
				CLANG_ANALYZER_NONNULL = YES;
				CLANG_ANALYZER_NUMBER_OBJECT_CONVERSION = YES_AGGRESSIVE;
				CLANG_CXX_LANGUAGE_STANDARD = "gnu++14";
				CLANG_CXX_LIBRARY = "libc++";
				CLANG_ENABLE_MODULES = YES;
				CLANG_ENABLE_OBJC_ARC = YES;
				CLANG_ENABLE_OBJC_WEAK = YES;
				CLANG_WARN_BLOCK_CAPTURE_AUTORELEASING = YES;
				CLANG_WARN_BOOL_CONVERSION = YES;
				CLANG_WARN_COMMA = YES;
				CLANG_WARN_CONSTANT_CONVERSION = YES;
				CLANG_WARN_DEPRECATED_OBJC_IMPLEMENTATIONS = YES;
				CLANG_WARN_DIRECT_OBJC_ISA_USAGE = YES_ERROR;
				CLANG_WARN_DOCUMENTATION_COMMENTS = YES;
				CLANG_WARN_EMPTY_BODY = YES;
				CLANG_WARN_ENUM_CONVERSION = YES;
				CLANG_WARN_INFINITE_RECURSION = YES;
				CLANG_WARN_INT_CONVERSION = YES;
				CLANG_WARN_NON_LITERAL_NULL_CONVERSION = YES;
				CLANG_WARN_OBJC_IMPLICIT_RETAIN_SELF = YES;
				CLANG_WARN_OBJC_LITERAL_CONVERSION = YES;
				CLANG_WARN_OBJC_ROOT_CLASS = YES_ERROR;
				CLANG_WARN_RANGE_LOOP_ANALYSIS = YES;
				CLANG_WARN_STRICT_PROTOTYPES = YES;
				CLANG_WARN_SUSPICIOUS_MOVE = YES;
				CLANG_WARN_UNGUARDED_AVAILABILITY = YES_AGGRESSIVE;
				CLANG_WARN_UNREACHABLE_CODE = YES;
				CLANG_WARN__DUPLICATE_METHOD_MATCH = YES;
				COPY_PHASE_STRIP = NO;
				DEBUG_INFORMATION_FORMAT = "dwarf-with-dsym";
				ENABLE_NS_ASSERTIONS = NO;
				ENABLE_STRICT_OBJC_MSGSEND = YES;
				GCC_C_LANGUAGE_STANDARD = gnu11;
				GCC_NO_COMMON_BLOCKS = YES;
				GCC_WARN_64_TO_32_BIT_CONVERSION = YES;
				GCC_WARN_ABOUT_RETURN_TYPE = YES_ERROR;
				GCC_WARN_UNDECLARED_SELECTOR = YES;
				GCC_WARN_UNINITIALIZED_AUTOS = YES_AGGRESSIVE;
				GCC_WARN_UNUSED_FUNCTION = YES;
				GCC_WARN_UNUSED_VARIABLE = YES;
				IPHONEOS_DEPLOYMENT_TARGET = 13.2;
				MTL_ENABLE_DEBUG_INFO = NO;
				MTL_FAST_MATH = YES;
				SDKROOT = iphoneos;
				SWIFT_COMPILATION_MODE = wholemodule;
				SWIFT_OPTIMIZATION_LEVEL = "-O";
				VALIDATE_PRODUCT = YES;
			};
			name = Release;
		};
		C1E4E610238DDFE500DAEB18 /* Debug */ = {
			isa = XCBuildConfiguration;
			buildSettings = {
				ASSETCATALOG_COMPILER_APPICON_NAME = AppIcon;
				CODE_SIGN_STYLE = Automatic;
				DEVELOPMENT_TEAM = G4KQ459XHC;
				INFOPLIST_FILE = JSON_Parsing_Lab/Info.plist;
				LD_RUNPATH_SEARCH_PATHS = (
					"$(inherited)",
					"@executable_path/Frameworks",
				);
				PRODUCT_BUNDLE_IDENTIFIER = "org.gregkeeley.JSON-Parsing-Lab";
				PRODUCT_NAME = "$(TARGET_NAME)";
				SWIFT_VERSION = 5.0;
				TARGETED_DEVICE_FAMILY = "1,2";
			};
			name = Debug;
		};
		C1E4E611238DDFE500DAEB18 /* Release */ = {
			isa = XCBuildConfiguration;
			buildSettings = {
				ASSETCATALOG_COMPILER_APPICON_NAME = AppIcon;
				CODE_SIGN_STYLE = Automatic;
				DEVELOPMENT_TEAM = G4KQ459XHC;
				INFOPLIST_FILE = JSON_Parsing_Lab/Info.plist;
				LD_RUNPATH_SEARCH_PATHS = (
					"$(inherited)",
					"@executable_path/Frameworks",
				);
				PRODUCT_BUNDLE_IDENTIFIER = "org.gregkeeley.JSON-Parsing-Lab";
				PRODUCT_NAME = "$(TARGET_NAME)";
				SWIFT_VERSION = 5.0;
				TARGETED_DEVICE_FAMILY = "1,2";
			};
			name = Release;
		};
/* End XCBuildConfiguration section */

/* Begin XCConfigurationList section */
		C1E4E5F6238DDFE200DAEB18 /* Build configuration list for PBXProject "JSON_Parsing_Lab" */ = {
			isa = XCConfigurationList;
			buildConfigurations = (
				C1E4E60D238DDFE500DAEB18 /* Debug */,
				C1E4E60E238DDFE500DAEB18 /* Release */,
			);
			defaultConfigurationIsVisible = 0;
			defaultConfigurationName = Release;
		};
		C1E4E60F238DDFE500DAEB18 /* Build configuration list for PBXNativeTarget "JSON_Parsing_Lab" */ = {
			isa = XCConfigurationList;
			buildConfigurations = (
				C1E4E610238DDFE500DAEB18 /* Debug */,
				C1E4E611238DDFE500DAEB18 /* Release */,
			);
			defaultConfigurationIsVisible = 0;
			defaultConfigurationName = Release;
		};
/* End XCConfigurationList section */
	};
	rootObject = C1E4E5F3238DDFE200DAEB18 /* Project object */;
}
